lockfileVersion: '6.0'

devDependencies:
  prettier:
    specifier: ^2.8.8
    version: 2.8.8
  prettier-plugin-rust:
    specifier: ^0.1.9
    version: 0.1.9
  prettier-plugin-toml:
    specifier: ^0.3.1
    version: 0.3.1

packages:

  /@toml-tools/lexer@0.3.1:
    resolution: {integrity: sha512-CCKHQb5OWpgFu47MQ2rcql4AnE9GaehNk/c1oJOyOBovED6XmdzQPXsvPSu+NJ9lToqJNoX+nLXQsB8WyQGdzQ==}
    dependencies:
      chevrotain: 4.1.1
    dev: true

  /@toml-tools/parser@0.3.1:
    resolution: {integrity: sha512-vadwVx5TkgByt19dbp/rfIUKPkDdn5werANYvziiGK9wHlqPA0BWnvOloQw/dPDxF31+Ag0+zarXJpPDdRsPPg==}
    dependencies:
      '@toml-tools/lexer': 0.3.1
      chevrotain: 4.1.1
    dev: true

  /chevrotain@4.1.1:
    resolution: {integrity: sha512-NQky1HQyiAzxsxpq4Ppt47SYO2U3JLtmfs85QPf3kYSzGBjjp5AA8kqjH8hCjGFRpaQ781QOk1ragQIOkBgUTA==}
    dependencies:
      regexp-to-ast: 0.3.5
    dev: true

  /jinx-rust@0.1.6:
    resolution: {integrity: sha512-qP+wtQL1PrDDFwtPKhNGtjWOmijCrKdfUHWTV2G/ikxfjrh+cjdvkQTmny9RAsVF0jiui9m+F0INWu4cuRcZeQ==}
    dev: true

  /prettier-plugin-rust@0.1.9:
    resolution: {integrity: sha512-n1DTTJQaHMdnoG/+nKUvBm3EKsMVWsYES2UPCiOPiZdBrmuAO/pX++m7L3+Hz3uuhtddpH0HRKHB2F3jbtJBOQ==}
    dependencies:
      jinx-rust: 0.1.6
      prettier: 2.8.8
    dev: true

  /prettier-plugin-toml@0.3.1:
    resolution: {integrity: sha512-j47DEO/dN/acU1nSL/B7q4A4Z2SYJhpWPCLPkcmfAXIQC6A5GD6Ao/bi9HRHZ8ueIDOauqjuAQbnvRxLXMjazA==}
    dependencies:
      '@toml-tools/parser': 0.3.1
      prettier: 1.19.1
    dev: true

  /prettier@1.19.1:
    resolution: {integrity: sha512-s7PoyDv/II1ObgQunCbB9PdLmUcBZcnWOcxDh7O0N/UwDEsHyqkW+Qh28jW+mVuCdx7gLB0BotYI1Y6uI9iyew==}
    engines: {node: '>=4'}
    hasBin: true
    dev: true

  /prettier@2.8.8:
    resolution: {integrity: sha512-tdN8qQGvNjw4CHbY+XXk0JgCXn9QiF21a55rBe5LJAU+kDyC4WQn4+awm2Xfk2lQMk5fKup9XgzTZtGkjBdP9Q==}
    engines: {node: '>=10.13.0'}
    hasBin: true
    dev: true

  /regexp-to-ast@0.3.5:
    resolution: {integrity: sha512-1CJygtdvsfNFwiyjaMLBWtg2tfEqx/jSZ8S6TV+GlNL8kiH8rb4cm5Pb7A/C2BpyM/fA8ZJEudlCwi/jvAY+Ow==}
    dev: true
